android_gradle_plugin=8.5.2
kotlin_gradle_plugin=1.9.24
gradle=8.7
gradle_8_7_bin_sha256=544c35d6bd849ae8a5ed0bcea39ba677dc40f49df7d1835561582da2009b961d
gradle_8_7_wrapper_jar_sha256=cb0da6751c2b753a16ac168bb354870ebb1e162e9083f116729cec9c781156b8
compile_sdk=36
target_sdk=36
min_sdk=29
java_target=17
android_ndk=27.2.12479018
go=1.26.8
native_abis=arm64-v8a,x86_64
